// !$*UTF8*$!
{
	archiveVersion = 1;
	classes = {
	};
	objectVersion = 56;
	objects = {

/* Begin PBXBuildFile section */
		2720204229A2FCA6002C5DFF /* RegisterPresenter.swift in Sources */ = {isa = PBXBuildFile; fileRef = 2720204129A2FCA6002C5DFF /* RegisterPresenter.swift */; };
		2720204529A30922002C5DFF /* UIViewController+.swift in Sources */ = {isa = PBXBuildFile; fileRef = 2720204429A30922002C5DFF /* UIViewController+.swift */; };
		2720204729A30940002C5DFF /* String+.swift in Sources */ = {isa = PBXBuildFile; fileRef = 2720204629A30940002C5DFF /* String+.swift */; };
		2720204929A30C5C002C5DFF /* Validator.swift in Sources */ = {isa = PBXBuildFile; fileRef = 2720204829A30C5C002C5DFF /* Validator.swift */; };
		2720204B29A35241002C5DFF /* GoogleService-Info.plist in Resources */ = {isa = PBXBuildFile; fileRef = 2720204A29A35241002C5DFF /* GoogleService-Info.plist */; };
		2721951029A5DAB500B9D4D5 /* SetEmailChangedPresenter.swift in Sources */ = {isa = PBXBuildFile; fileRef = 2721950F29A5DAB500B9D4D5 /* SetEmailChangedPresenter.swift */; };
		2721951229A5DAC700B9D4D5 /* SetEmailChangedViewController.swift in Sources */ = {isa = PBXBuildFile; fileRef = 2721951129A5DAC700B9D4D5 /* SetEmailChangedViewController.swift */; };
		2721951429A5DADE00B9D4D5 /* SetEmailChanged.storyboard in Resources */ = {isa = PBXBuildFile; fileRef = 2721951329A5DADE00B9D4D5 /* SetEmailChanged.storyboard */; };
		2721951629A61A3800B9D4D5 /* HomePresenter.swift in Sources */ = {isa = PBXBuildFile; fileRef = 2721951529A61A3800B9D4D5 /* HomePresenter.swift */; };
		2722583C29A09F18003178E4 /* AppDelegate.swift in Sources */ = {isa = PBXBuildFile; fileRef = 2722583B29A09F18003178E4 /* AppDelegate.swift */; };
		2722584529A09F19003178E4 /* Assets.xcassets in Resources */ = {isa = PBXBuildFile; fileRef = 2722584429A09F19003178E4 /* Assets.xcassets */; };
		2722584829A09F19003178E4 /* LaunchScreen.storyboard in Resources */ = {isa = PBXBuildFile; fileRef = 2722584629A09F19003178E4 /* LaunchScreen.storyboard */; };
		2724360229A484CC0050CD6D /* LoginViewController.swift in Sources */ = {isa = PBXBuildFile; fileRef = 2724360129A484CC0050CD6D /* LoginViewController.swift */; };
		2724360429A484DC0050CD6D /* LoginPresenter.swift in Sources */ = {isa = PBXBuildFile; fileRef = 2724360329A484DC0050CD6D /* LoginPresenter.swift */; };
		2724360629A484ED0050CD6D /* Login.storyboard in Resources */ = {isa = PBXBuildFile; fileRef = 2724360529A484ED0050CD6D /* Login.storyboard */; };
		2724360B29A4A1CB0050CD6D /* Home.storyboard in Resources */ = {isa = PBXBuildFile; fileRef = 2724360A29A4A1CB0050CD6D /* Home.storyboard */; };
		2724360D29A4A1E30050CD6D /* HomeViewController.swift in Sources */ = {isa = PBXBuildFile; fileRef = 2724360C29A4A1E30050CD6D /* HomeViewController.swift */; };
		2724361429A508A10050CD6D /* SetPasswordChangedPresenter.swift in Sources */ = {isa = PBXBuildFile; fileRef = 2724361329A508A10050CD6D /* SetPasswordChangedPresenter.swift */; };
		2724361629A5094F0050CD6D /* SetPasswordChanged.storyboard in Resources */ = {isa = PBXBuildFile; fileRef = 2724361529A5094F0050CD6D /* SetPasswordChanged.storyboard */; };
		2724361829A5133C0050CD6D /* SetPasswordChangedViewController.swift in Sources */ = {isa = PBXBuildFile; fileRef = 2724361729A5133C0050CD6D /* SetPasswordChangedViewController.swift */; };
		2725591F29A85754009B507F /* DatabaseService.swift in Sources */ = {isa = PBXBuildFile; fileRef = 2725591E29A85754009B507F /* DatabaseService.swift */; };
		2725592129A85A7D009B507F /* RecordModel.swift in Sources */ = {isa = PBXBuildFile; fileRef = 2725592029A85A7D009B507F /* RecordModel.swift */; };
		2725592629A87533009B507F /* RecordViewController.swift in Sources */ = {isa = PBXBuildFile; fileRef = 2725592529A87533009B507F /* RecordViewController.swift */; };
		2725592829A87543009B507F /* RecordPresenter.swift in Sources */ = {isa = PBXBuildFile; fileRef = 2725592729A87543009B507F /* RecordPresenter.swift */; };
		2725592A29A8754F009B507F /* Record.storyboard in Resources */ = {isa = PBXBuildFile; fileRef = 2725592929A8754F009B507F /* Record.storyboard */; };
		2725592E29A8929C009B507F /* TableViewCell.swift in Sources */ = {isa = PBXBuildFile; fileRef = 2725592D29A8929C009B507F /* TableViewCell.swift */; };
		2725593029A892AB009B507F /* TableViewCell.xib in Resources */ = {isa = PBXBuildFile; fileRef = 2725592F29A892AB009B507F /* TableViewCell.xib */; };
		2725593229A894CB009B507F /* TableViewCell+.swift in Sources */ = {isa = PBXBuildFile; fileRef = 2725593129A894CB009B507F /* TableViewCell+.swift */; };
		27274DE229A1AAB600F025B4 /* Router.swift in Sources */ = {isa = PBXBuildFile; fileRef = 27274DE129A1AAB600F025B4 /* Router.swift */; };
		27274DE729A1AB0E00F025B4 /* RegisterViewController.swift in Sources */ = {isa = PBXBuildFile; fileRef = 27274DE629A1AB0E00F025B4 /* RegisterViewController.swift */; };
		27274DE929A1AB5F00F025B4 /* Register.storyboard in Resources */ = {isa = PBXBuildFile; fileRef = 27274DE829A1AB5F00F025B4 /* Register.storyboard */; };
		27274DEC29A1D4BC00F025B4 /* AuthService.swift in Sources */ = {isa = PBXBuildFile; fileRef = 27274DEB29A1D4BC00F025B4 /* AuthService.swift */; };
		273175EF29A70F050056D7F8 /* Stopwatch.storyboard in Resources */ = {isa = PBXBuildFile; fileRef = 273175EE29A70F050056D7F8 /* Stopwatch.storyboard */; };
		275A09D829A774D9000842CF /* start.mp3 in Resources */ = {isa = PBXBuildFile; fileRef = 275A09D729A774D8000842CF /* start.mp3 */; };
		275A09DA29A7860F000842CF /* speedy.mp3 in Resources */ = {isa = PBXBuildFile; fileRef = 275A09D929A7860F000842CF /* speedy.mp3 */; };
		275A09DC29A78615000842CF /* slow.mp3 in Resources */ = {isa = PBXBuildFile; fileRef = 275A09DB29A78615000842CF /* slow.mp3 */; };
		27B5C98C29A71738003F93E6 /* StopwatchViewController.swift in Sources */ = {isa = PBXBuildFile; fileRef = 27B5C98B29A71738003F93E6 /* StopwatchViewController.swift */; };
		27B5C98E29A72C6F003F93E6 /* StopwatchPresenter.swift in Sources */ = {isa = PBXBuildFile; fileRef = 27B5C98D29A72C6F003F93E6 /* StopwatchPresenter.swift */; };
		27B5C99129A73EEE003F93E6 /* RunningStateModel.swift in Sources */ = {isa = PBXBuildFile; fileRef = 27B5C99029A73EEE003F93E6 /* RunningStateModel.swift */; };
		27B5C99329A7405A003F93E6 /* PauseStateModel.swift in Sources */ = {isa = PBXBuildFile; fileRef = 27B5C99229A7405A003F93E6 /* PauseStateModel.swift */; };
		27B5C99529A7408C003F93E6 /* StateModel.swift in Sources */ = {isa = PBXBuildFile; fileRef = 27B5C99429A7408C003F93E6 /* StateModel.swift */; };
		A22FBB55A91E4D9CB12D72F1 /* Pods_IntervalWalk.framework in Frameworks */ = {isa = PBXBuildFile; fileRef = 4DE334D8206F4AB110D39D9F /* Pods_IntervalWalk.framework */; };
/* End PBXBuildFile section */

/* Begin PBXFileReference section */
		2720204129A2FCA6002C5DFF /* RegisterPresenter.swift */ = {isa = PBXFileReference; lastKnownFileType = sourcecode.swift; path = RegisterPresenter.swift; sourceTree = "<group>"; };
		2720204429A30922002C5DFF /* UIViewController+.swift */ = {isa = PBXFileReference; lastKnownFileType = sourcecode.swift; path = "UIViewController+.swift"; sourceTree = "<group>"; };
		2720204629A30940002C5DFF /* String+.swift */ = {isa = PBXFileReference; lastKnownFileType = sourcecode.swift; path = "String+.swift"; sourceTree = "<group>"; };
		2720204829A30C5C002C5DFF /* Validator.swift */ = {isa = PBXFileReference; lastKnownFileType = sourcecode.swift; path = Validator.swift; sourceTree = "<group>"; };
		2720204A29A35241002C5DFF /* GoogleService-Info.plist */ = {isa = PBXFileReference; fileEncoding = 4; lastKnownFileType = text.plist.xml; path = "GoogleService-Info.plist"; sourceTree = "<group>"; };
		2721950F29A5DAB500B9D4D5 /* SetEmailChangedPresenter.swift */ = {isa = PBXFileReference; lastKnownFileType = sourcecode.swift; path = SetEmailChangedPresenter.swift; sourceTree = "<group>"; };
		2721951129A5DAC700B9D4D5 /* SetEmailChangedViewController.swift */ = {isa = PBXFileReference; lastKnownFileType = sourcecode.swift; path = SetEmailChangedViewController.swift; sourceTree = "<group>"; };
		2721951329A5DADE00B9D4D5 /* SetEmailChanged.storyboard */ = {isa = PBXFileReference; lastKnownFileType = file.storyboard; path = SetEmailChanged.storyboard; sourceTree = "<group>"; };
		2721951529A61A3800B9D4D5 /* HomePresenter.swift */ = {isa = PBXFileReference; lastKnownFileType = sourcecode.swift; path = HomePresenter.swift; sourceTree = "<group>"; };
		2722583829A09F18003178E4 /* IntervalWalk.app */ = {isa = PBXFileReference; explicitFileType = wrapper.application; includeInIndex = 0; path = IntervalWalk.app; sourceTree = BUILT_PRODUCTS_DIR; };
		2722583B29A09F18003178E4 /* AppDelegate.swift */ = {isa = PBXFileReference; lastKnownFileType = sourcecode.swift; path = AppDelegate.swift; sourceTree = "<group>"; };
		2722584429A09F19003178E4 /* Assets.xcassets */ = {isa = PBXFileReference; lastKnownFileType = folder.assetcatalog; path = Assets.xcassets; sourceTree = "<group>"; };
		2722584729A09F19003178E4 /* Base */ = {isa = PBXFileReference; lastKnownFileType = file.storyboard; name = Base; path = Base.lproj/LaunchScreen.storyboard; sourceTree = "<group>"; };
		2722584929A09F19003178E4 /* Info.plist */ = {isa = PBXFileReference; lastKnownFileType = text.plist.xml; path = Info.plist; sourceTree = "<group>"; };
		2724360129A484CC0050CD6D /* LoginViewController.swift */ = {isa = PBXFileReference; lastKnownFileType = sourcecode.swift; path = LoginViewController.swift; sourceTree = "<group>"; };
		2724360329A484DC0050CD6D /* LoginPresenter.swift */ = {isa = PBXFileReference; lastKnownFileType = sourcecode.swift; path = LoginPresenter.swift; sourceTree = "<group>"; };
		2724360529A484ED0050CD6D /* Login.storyboard */ = {isa = PBXFileReference; lastKnownFileType = file.storyboard; path = Login.storyboard; sourceTree = "<group>"; };
		2724360A29A4A1CB0050CD6D /* Home.storyboard */ = {isa = PBXFileReference; lastKnownFileType = file.storyboard; path = Home.storyboard; sourceTree = "<group>"; };
		2724360C29A4A1E30050CD6D /* HomeViewController.swift */ = {isa = PBXFileReference; lastKnownFileType = sourcecode.swift; path = HomeViewController.swift; sourceTree = "<group>"; };
		2724361329A508A10050CD6D /* SetPasswordChangedPresenter.swift */ = {isa = PBXFileReference; lastKnownFileType = sourcecode.swift; path = SetPasswordChangedPresenter.swift; sourceTree = "<group>"; };
		2724361529A5094F0050CD6D /* SetPasswordChanged.storyboard */ = {isa = PBXFileReference; lastKnownFileType = file.storyboard; path = SetPasswordChanged.storyboard; sourceTree = "<group>"; };
		2724361729A5133C0050CD6D /* SetPasswordChangedViewController.swift */ = {isa = PBXFileReference; lastKnownFileType = sourcecode.swift; path = SetPasswordChangedViewController.swift; sourceTree = "<group>"; };
		2725591E29A85754009B507F /* DatabaseService.swift */ = {isa = PBXFileReference; lastKnownFileType = sourcecode.swift; path = DatabaseService.swift; sourceTree = "<group>"; };
		2725592029A85A7D009B507F /* RecordModel.swift */ = {isa = PBXFileReference; lastKnownFileType = sourcecode.swift; path = RecordModel.swift; sourceTree = "<group>"; };
		2725592529A87533009B507F /* RecordViewController.swift */ = {isa = PBXFileReference; lastKnownFileType = sourcecode.swift; path = RecordViewController.swift; sourceTree = "<group>"; };
		2725592729A87543009B507F /* RecordPresenter.swift */ = {isa = PBXFileReference; lastKnownFileType = sourcecode.swift; path = RecordPresenter.swift; sourceTree = "<group>"; };
		2725592929A8754F009B507F /* Record.storyboard */ = {isa = PBXFileReference; lastKnownFileType = file.storyboard; path = Record.storyboard; sourceTree = "<group>"; };
		2725592D29A8929C009B507F /* TableViewCell.swift */ = {isa = PBXFileReference; lastKnownFileType = sourcecode.swift; path = TableViewCell.swift; sourceTree = "<group>"; };
		2725592F29A892AB009B507F /* TableViewCell.xib */ = {isa = PBXFileReference; lastKnownFileType = file.xib; path = TableViewCell.xib; sourceTree = "<group>"; };
		2725593129A894CB009B507F /* TableViewCell+.swift */ = {isa = PBXFileReference; lastKnownFileType = sourcecode.swift; path = "TableViewCell+.swift"; sourceTree = "<group>"; };
		27274DE129A1AAB600F025B4 /* Router.swift */ = {isa = PBXFileReference; lastKnownFileType = sourcecode.swift; path = Router.swift; sourceTree = "<group>"; };
		27274DE629A1AB0E00F025B4 /* RegisterViewController.swift */ = {isa = PBXFileReference; lastKnownFileType = sourcecode.swift; path = RegisterViewController.swift; sourceTree = "<group>"; };
		27274DE829A1AB5F00F025B4 /* Register.storyboard */ = {isa = PBXFileReference; lastKnownFileType = file.storyboard; path = Register.storyboard; sourceTree = "<group>"; };
		27274DEB29A1D4BC00F025B4 /* AuthService.swift */ = {isa = PBXFileReference; lastKnownFileType = sourcecode.swift; path = AuthService.swift; sourceTree = "<group>"; };
		273175EE29A70F050056D7F8 /* Stopwatch.storyboard */ = {isa = PBXFileReference; lastKnownFileType = file.storyboard; path = Stopwatch.storyboard; sourceTree = "<group>"; };
		275A09D729A774D8000842CF /* start.mp3 */ = {isa = PBXFileReference; lastKnownFileType = audio.mp3; path = start.mp3; sourceTree = "<group>"; };
		275A09D929A7860F000842CF /* speedy.mp3 */ = {isa = PBXFileReference; lastKnownFileType = audio.mp3; path = speedy.mp3; sourceTree = "<group>"; };
		275A09DB29A78615000842CF /* slow.mp3 */ = {isa = PBXFileReference; lastKnownFileType = audio.mp3; path = slow.mp3; sourceTree = "<group>"; };
		27B5C98B29A71738003F93E6 /* StopwatchViewController.swift */ = {isa = PBXFileReference; lastKnownFileType = sourcecode.swift; path = StopwatchViewController.swift; sourceTree = "<group>"; };
		27B5C98D29A72C6F003F93E6 /* StopwatchPresenter.swift */ = {isa = PBXFileReference; lastKnownFileType = sourcecode.swift; path = StopwatchPresenter.swift; sourceTree = "<group>"; };
		27B5C99029A73EEE003F93E6 /* RunningStateModel.swift */ = {isa = PBXFileReference; lastKnownFileType = sourcecode.swift; path = RunningStateModel.swift; sourceTree = "<group>"; };
		27B5C99229A7405A003F93E6 /* PauseStateModel.swift */ = {isa = PBXFileReference; lastKnownFileType = sourcecode.swift; path = PauseStateModel.swift; sourceTree = "<group>"; };
		27B5C99429A7408C003F93E6 /* StateModel.swift */ = {isa = PBXFileReference; lastKnownFileType = sourcecode.swift; path = StateModel.swift; sourceTree = "<group>"; };
		4DE334D8206F4AB110D39D9F /* Pods_IntervalWalk.framework */ = {isa = PBXFileReference; explicitFileType = wrapper.framework; includeInIndex = 0; path = Pods_IntervalWalk.framework; sourceTree = BUILT_PRODUCTS_DIR; };
		EC74FE14CEF966989D6D024D /* Pods-IntervalWalk.debug.xcconfig */ = {isa = PBXFileReference; includeInIndex = 1; lastKnownFileType = text.xcconfig; name = "Pods-IntervalWalk.debug.xcconfig"; path = "Target Support Files/Pods-IntervalWalk/Pods-IntervalWalk.debug.xcconfig"; sourceTree = "<group>"; };
		F7576817779688F5CCF36E59 /* Pods-IntervalWalk.release.xcconfig */ = {isa = PBXFileReference; includeInIndex = 1; lastKnownFileType = text.xcconfig; name = "Pods-IntervalWalk.release.xcconfig"; path = "Target Support Files/Pods-IntervalWalk/Pods-IntervalWalk.release.xcconfig"; sourceTree = "<group>"; };
/* End PBXFileReference section */

/* Begin PBXFrameworksBuildPhase section */
		2722583529A09F18003178E4 /* Frameworks */ = {
			isa = PBXFrameworksBuildPhase;
			buildActionMask = 2147483647;
			files = (
				A22FBB55A91E4D9CB12D72F1 /* Pods_IntervalWalk.framework in Frameworks */,
			);
			runOnlyForDeploymentPostprocessing = 0;
		};
/* End PBXFrameworksBuildPhase section */

/* Begin PBXGroup section */
		2720204029A2FC6C002C5DFF /* Presenter */ = {
			isa = PBXGroup;
			children = (
				2720204129A2FCA6002C5DFF /* RegisterPresenter.swift */,
			);
			path = Presenter;
			sourceTree = "<group>";
		};
		2720204329A30900002C5DFF /* Extension */ = {
			isa = PBXGroup;
			children = (
				2720204429A30922002C5DFF /* UIViewController+.swift */,
				2720204629A30940002C5DFF /* String+.swift */,
				2725593129A894CB009B507F /* TableViewCell+.swift */,
			);
			path = Extension;
			sourceTree = "<group>";
		};
		2721950C29A5DA7600B9D4D5 /* SetEmailChanged */ = {
			isa = PBXGroup;
			children = (
				2721950E29A5DA8900B9D4D5 /* Presenter */,
				2721950D29A5DA7E00B9D4D5 /* ViewController */,
				2721951329A5DADE00B9D4D5 /* SetEmailChanged.storyboard */,
			);
			path = SetEmailChanged;
			sourceTree = "<group>";
		};
		2721950D29A5DA7E00B9D4D5 /* ViewController */ = {
			isa = PBXGroup;
			children = (
				2721951129A5DAC700B9D4D5 /* SetEmailChangedViewController.swift */,
			);
			path = ViewController;
			sourceTree = "<group>";
		};
		2721950E29A5DA8900B9D4D5 /* Presenter */ = {
			isa = PBXGroup;
			children = (
				2721950F29A5DAB500B9D4D5 /* SetEmailChangedPresenter.swift */,
			);
			path = Presenter;
			sourceTree = "<group>";
		};
		2722582F29A09F18003178E4 = {
			isa = PBXGroup;
			children = (
				2722583A29A09F18003178E4 /* IntervalWalk */,
				2722583929A09F18003178E4 /* Products */,
				CA1651AD74DDF927F9A2D052 /* Pods */,
				88EAF520EAACF6C4875D6467 /* Frameworks */,
			);
			sourceTree = "<group>";
		};
		2722583929A09F18003178E4 /* Products */ = {
			isa = PBXGroup;
			children = (
				2722583829A09F18003178E4 /* IntervalWalk.app */,
			);
			name = Products;
			sourceTree = "<group>";
		};
		2722583A29A09F18003178E4 /* IntervalWalk */ = {
			isa = PBXGroup;
			children = (
				2725592B29A89284009B507F /* View */,
				2725592229A8750D009B507F /* Record */,
				27B5C98F29A73EBB003F93E6 /* Model */,
				273175EB29A70EDF0056D7F8 /* Stopwatch */,
				2721950C29A5DA7600B9D4D5 /* SetEmailChanged */,
				2724360E29A508460050CD6D /* SetPasswordChanged */,
				2724360729A4A1AF0050CD6D /* Home */,
				272435FE29A484730050CD6D /* Login */,
				2720204329A30900002C5DFF /* Extension */,
				27274DEA29A1D4A600F025B4 /* Utility */,
				27274DE329A1AAD700F025B4 /* Register */,
				27274DE029A1AA9F00F025B4 /* Router */,
				2722583B29A09F18003178E4 /* AppDelegate.swift */,
				2722584429A09F19003178E4 /* Assets.xcassets */,
				275A09D729A774D8000842CF /* start.mp3 */,
				275A09D929A7860F000842CF /* speedy.mp3 */,
				275A09DB29A78615000842CF /* slow.mp3 */,
				2722584629A09F19003178E4 /* LaunchScreen.storyboard */,
				2720204A29A35241002C5DFF /* GoogleService-Info.plist */,
				2722584929A09F19003178E4 /* Info.plist */,
			);
			path = IntervalWalk;
			sourceTree = "<group>";
		};
		272435FE29A484730050CD6D /* Login */ = {
			isa = PBXGroup;
			children = (
				2724360029A4849C0050CD6D /* ViewController */,
				272435FF29A4848E0050CD6D /* Presenter */,
				2724360529A484ED0050CD6D /* Login.storyboard */,
			);
			path = Login;
			sourceTree = "<group>";
		};
		272435FF29A4848E0050CD6D /* Presenter */ = {
			isa = PBXGroup;
			children = (
				2724360329A484DC0050CD6D /* LoginPresenter.swift */,
			);
			path = Presenter;
			sourceTree = "<group>";
		};
		2724360029A4849C0050CD6D /* ViewController */ = {
			isa = PBXGroup;
			children = (
				2724360129A484CC0050CD6D /* LoginViewController.swift */,
			);
			path = ViewController;
			sourceTree = "<group>";
		};
		2724360729A4A1AF0050CD6D /* Home */ = {
			isa = PBXGroup;
			children = (
				2724360929A4A1BA0050CD6D /* Presenter */,
				2724360829A4A1B30050CD6D /* ViewController */,
				2724360A29A4A1CB0050CD6D /* Home.storyboard */,
			);
			path = Home;
			sourceTree = "<group>";
		};
		2724360829A4A1B30050CD6D /* ViewController */ = {
			isa = PBXGroup;
			children = (
				2724360C29A4A1E30050CD6D /* HomeViewController.swift */,
			);
			path = ViewController;
			sourceTree = "<group>";
		};
		2724360929A4A1BA0050CD6D /* Presenter */ = {
			isa = PBXGroup;
			children = (
				2721951529A61A3800B9D4D5 /* HomePresenter.swift */,
			);
			path = Presenter;
			sourceTree = "<group>";
		};
		2724360E29A508460050CD6D /* SetPasswordChanged */ = {
			isa = PBXGroup;
			children = (
				2724361029A5086A0050CD6D /* ViewController */,
				2724360F29A508630050CD6D /* Presenter */,
				2724361529A5094F0050CD6D /* SetPasswordChanged.storyboard */,
			);
			path = SetPasswordChanged;
			sourceTree = "<group>";
		};
		2724360F29A508630050CD6D /* Presenter */ = {
			isa = PBXGroup;
			children = (
				2724361329A508A10050CD6D /* SetPasswordChangedPresenter.swift */,
			);
			path = Presenter;
			sourceTree = "<group>";
		};
		2724361029A5086A0050CD6D /* ViewController */ = {
			isa = PBXGroup;
			children = (
				2724361729A5133C0050CD6D /* SetPasswordChangedViewController.swift */,
			);
			path = ViewController;
			sourceTree = "<group>";
		};
		2725592229A8750D009B507F /* Record */ = {
			isa = PBXGroup;
			children = (
				2725592429A8751D009B507F /* Presenter */,
				2725592329A87513009B507F /* ViewController */,
				2725592929A8754F009B507F /* Record.storyboard */,
			);
			path = Record;
			sourceTree = "<group>";
		};
		2725592329A87513009B507F /* ViewController */ = {
			isa = PBXGroup;
			children = (
				2725592529A87533009B507F /* RecordViewController.swift */,
			);
			path = ViewController;
			sourceTree = "<group>";
		};
		2725592429A8751D009B507F /* Presenter */ = {
			isa = PBXGroup;
			children = (
				2725592729A87543009B507F /* RecordPresenter.swift */,
			);
			path = Presenter;
			sourceTree = "<group>";
		};
		2725592B29A89284009B507F /* View */ = {
			isa = PBXGroup;
			children = (
				2725592C29A8928B009B507F /* TableViewCell */,
			);
			path = View;
			sourceTree = "<group>";
		};
		2725592C29A8928B009B507F /* TableViewCell */ = {
			isa = PBXGroup;
			children = (
				2725592D29A8929C009B507F /* TableViewCell.swift */,
				2725592F29A892AB009B507F /* TableViewCell.xib */,
			);
			path = TableViewCell;
			sourceTree = "<group>";
		};
		27274DE029A1AA9F00F025B4 /* Router */ = {
			isa = PBXGroup;
			children = (
				27274DE129A1AAB600F025B4 /* Router.swift */,
			);
			path = Router;
			sourceTree = "<group>";
		};
		27274DE329A1AAD700F025B4 /* Register */ = {
			isa = PBXGroup;
			children = (
				2720204029A2FC6C002C5DFF /* Presenter */,
				27274DE429A1AAF000F025B4 /* ViewController */,
				27274DE829A1AB5F00F025B4 /* Register.storyboard */,
			);
			path = Register;
			sourceTree = "<group>";
		};
		27274DE429A1AAF000F025B4 /* ViewController */ = {
			isa = PBXGroup;
			children = (
				27274DE629A1AB0E00F025B4 /* RegisterViewController.swift */,
			);
			path = ViewController;
			sourceTree = "<group>";
		};
		27274DEA29A1D4A600F025B4 /* Utility */ = {
			isa = PBXGroup;
			children = (
				27274DEB29A1D4BC00F025B4 /* AuthService.swift */,
				2720204829A30C5C002C5DFF /* Validator.swift */,
				2725591E29A85754009B507F /* DatabaseService.swift */,
			);
			path = Utility;
			sourceTree = "<group>";
		};
		273175EB29A70EDF0056D7F8 /* Stopwatch */ = {
			isa = PBXGroup;
			children = (
				273175ED29A70EF70056D7F8 /* Presenter */,
				273175EC29A70EEF0056D7F8 /* ViewController */,
				273175EE29A70F050056D7F8 /* Stopwatch.storyboard */,
			);
			path = Stopwatch;
			sourceTree = "<group>";
		};
		273175EC29A70EEF0056D7F8 /* ViewController */ = {
			isa = PBXGroup;
			children = (
				27B5C98B29A71738003F93E6 /* StopwatchViewController.swift */,
			);
			path = ViewController;
			sourceTree = "<group>";
		};
		273175ED29A70EF70056D7F8 /* Presenter */ = {
			isa = PBXGroup;
			children = (
				27B5C98D29A72C6F003F93E6 /* StopwatchPresenter.swift */,
			);
			path = Presenter;
			sourceTree = "<group>";
		};
		27B5C98F29A73EBB003F93E6 /* Model */ = {
			isa = PBXGroup;
			children = (
				27B5C99029A73EEE003F93E6 /* RunningStateModel.swift */,
				27B5C99229A7405A003F93E6 /* PauseStateModel.swift */,
				27B5C99429A7408C003F93E6 /* StateModel.swift */,
				2725592029A85A7D009B507F /* RecordModel.swift */,
			);
			path = Model;
			sourceTree = "<group>";
		};
		88EAF520EAACF6C4875D6467 /* Frameworks */ = {
			isa = PBXGroup;
			children = (
				4DE334D8206F4AB110D39D9F /* Pods_IntervalWalk.framework */,
			);
			name = Frameworks;
			sourceTree = "<group>";
		};
		CA1651AD74DDF927F9A2D052 /* Pods */ = {
			isa = PBXGroup;
			children = (
				EC74FE14CEF966989D6D024D /* Pods-IntervalWalk.debug.xcconfig */,
				F7576817779688F5CCF36E59 /* Pods-IntervalWalk.release.xcconfig */,
			);
			path = Pods;
			sourceTree = "<group>";
		};
/* End PBXGroup section */

/* Begin PBXNativeTarget section */
		2722583729A09F18003178E4 /* IntervalWalk */ = {
			isa = PBXNativeTarget;
			buildConfigurationList = 2722584C29A09F19003178E4 /* Build configuration list for PBXNativeTarget "IntervalWalk" */;
			buildPhases = (
				E78333A1F65A22FCC3EB9ACB /* [CP] Check Pods Manifest.lock */,
				2722583429A09F18003178E4 /* Sources */,
				2722583529A09F18003178E4 /* Frameworks */,
				2722583629A09F18003178E4 /* Resources */,
				E86AB6364E5E46A191E3CD50 /* [CP] Embed Pods Frameworks */,
			);
			buildRules = (
			);
			dependencies = (
			);
			name = IntervalWalk;
			productName = IntervalWalk;
			productReference = 2722583829A09F18003178E4 /* IntervalWalk.app */;
			productType = "com.apple.product-type.application";
		};
/* End PBXNativeTarget section */

/* Begin PBXProject section */
		2722583029A09F18003178E4 /* Project object */ = {
			isa = PBXProject;
			attributes = {
				BuildIndependentTargetsInParallel = 1;
				LastSwiftUpdateCheck = 1420;
				LastUpgradeCheck = 1420;
				TargetAttributes = {
					2722583729A09F18003178E4 = {
						CreatedOnToolsVersion = 14.2;
					};
				};
			};
			buildConfigurationList = 2722583329A09F18003178E4 /* Build configuration list for PBXProject "IntervalWalk" */;
			compatibilityVersion = "Xcode 14.0";
			developmentRegion = en;
			hasScannedForEncodings = 0;
			knownRegions = (
				en,
				Base,
			);
			mainGroup = 2722582F29A09F18003178E4;
			productRefGroup = 2722583929A09F18003178E4 /* Products */;
			projectDirPath = "";
			projectRoot = "";
			targets = (
				2722583729A09F18003178E4 /* IntervalWalk */,
			);
		};
/* End PBXProject section */

/* Begin PBXResourcesBuildPhase section */
		2722583629A09F18003178E4 /* Resources */ = {
			isa = PBXResourcesBuildPhase;
			buildActionMask = 2147483647;
			files = (
				2720204B29A35241002C5DFF /* GoogleService-Info.plist in Resources */,
				273175EF29A70F050056D7F8 /* Stopwatch.storyboard in Resources */,
				2724361629A5094F0050CD6D /* SetPasswordChanged.storyboard in Resources */,
				2722584829A09F19003178E4 /* LaunchScreen.storyboard in Resources */,
				2725592A29A8754F009B507F /* Record.storyboard in Resources */,
				275A09DA29A7860F000842CF /* speedy.mp3 in Resources */,
				2722584529A09F19003178E4 /* Assets.xcassets in Resources */,
				2724360B29A4A1CB0050CD6D /* Home.storyboard in Resources */,
				2724360629A484ED0050CD6D /* Login.storyboard in Resources */,
				2725593029A892AB009B507F /* TableViewCell.xib in Resources */,
				275A09D829A774D9000842CF /* start.mp3 in Resources */,
				27274DE929A1AB5F00F025B4 /* Register.storyboard in Resources */,
				2721951429A5DADE00B9D4D5 /* SetEmailChanged.storyboard in Resources */,
				275A09DC29A78615000842CF /* slow.mp3 in Resources */,
			);
			runOnlyForDeploymentPostprocessing = 0;
		};
/* End PBXResourcesBuildPhase section */

/* Begin PBXShellScriptBuildPhase section */
		E78333A1F65A22FCC3EB9ACB /* [CP] Check Pods Manifest.lock */ = {
			isa = PBXShellScriptBuildPhase;
			buildActionMask = 2147483647;
			files = (
			);
			inputFileListPaths = (
			);
			inputPaths = (
				"${PODS_PODFILE_DIR_PATH}/Podfile.lock",
				"${PODS_ROOT}/Manifest.lock",
			);
			name = "[CP] Check Pods Manifest.lock";
			outputFileListPaths = (
			);
			outputPaths = (
				"$(DERIVED_FILE_DIR)/Pods-IntervalWalk-checkManifestLockResult.txt",
			);
			runOnlyForDeploymentPostprocessing = 0;
			shellPath = /bin/sh;
			shellScript = "diff \"${PODS_PODFILE_DIR_PATH}/Podfile.lock\" \"${PODS_ROOT}/Manifest.lock\" > /dev/null\nif [ $? != 0 ] ; then\n    # print error to STDERR\n    echo \"error: The sandbox is not in sync with the Podfile.lock. Run 'pod install' or update your CocoaPods installation.\" >&2\n    exit 1\nfi\n# This output is used by Xcode 'outputs' to avoid re-running this script phase.\necho \"SUCCESS\" > \"${SCRIPT_OUTPUT_FILE_0}\"\n";
			showEnvVarsInLog = 0;
		};
		E86AB6364E5E46A191E3CD50 /* [CP] Embed Pods Frameworks */ = {
			isa = PBXShellScriptBuildPhase;
			buildActionMask = 2147483647;
			files = (
			);
			inputFileListPaths = (
				"${PODS_ROOT}/Target Support Files/Pods-IntervalWalk/Pods-IntervalWalk-frameworks-${CONFIGURATION}-input-files.xcfilelist",
			);
			name = "[CP] Embed Pods Frameworks";
			outputFileListPaths = (
				"${PODS_ROOT}/Target Support Files/Pods-IntervalWalk/Pods-IntervalWalk-frameworks-${CONFIGURATION}-output-files.xcfilelist",
			);
			runOnlyForDeploymentPostprocessing = 0;
			shellPath = /bin/sh;
			shellScript = "\"${PODS_ROOT}/Target Support Files/Pods-IntervalWalk/Pods-IntervalWalk-frameworks.sh\"\n";
			showEnvVarsInLog = 0;
		};
/* End PBXShellScriptBuildPhase section */

/* Begin PBXSourcesBuildPhase section */
		2722583429A09F18003178E4 /* Sources */ = {
			isa = PBXSourcesBuildPhase;
			buildActionMask = 2147483647;
			files = (
				2724360229A484CC0050CD6D /* LoginViewController.swift in Sources */,
				2720204929A30C5C002C5DFF /* Validator.swift in Sources */,
				2720204229A2FCA6002C5DFF /* RegisterPresenter.swift in Sources */,
				2725592629A87533009B507F /* RecordViewController.swift in Sources */,
				27274DE229A1AAB600F025B4 /* Router.swift in Sources */,
				27B5C99529A7408C003F93E6 /* StateModel.swift in Sources */,
				27B5C98E29A72C6F003F93E6 /* StopwatchPresenter.swift in Sources */,
				2724360429A484DC0050CD6D /* LoginPresenter.swift in Sources */,
				2720204529A30922002C5DFF /* UIViewController+.swift in Sources */,
				2722583C29A09F18003178E4 /* AppDelegate.swift in Sources */,
				27B5C99129A73EEE003F93E6 /* RunningStateModel.swift in Sources */,
				2725591F29A85754009B507F /* DatabaseService.swift in Sources */,
				2724360D29A4A1E30050CD6D /* HomeViewController.swift in Sources */,
				2725592E29A8929C009B507F /* TableViewCell.swift in Sources */,
				2724361829A5133C0050CD6D /* SetPasswordChangedViewController.swift in Sources */,
				2721951029A5DAB500B9D4D5 /* SetEmailChangedPresenter.swift in Sources */,
				27B5C99329A7405A003F93E6 /* PauseStateModel.swift in Sources */,
				2721951229A5DAC700B9D4D5 /* SetEmailChangedViewController.swift in Sources */,
				27274DE729A1AB0E00F025B4 /* RegisterViewController.swift in Sources */,
				2725592829A87543009B507F /* RecordPresenter.swift in Sources */,
				2720204729A30940002C5DFF /* String+.swift in Sources */,
				27274DEC29A1D4BC00F025B4 /* AuthService.swift in Sources */,
				27B5C98C29A71738003F93E6 /* StopwatchViewController.swift in Sources */,
				2725592129A85A7D009B507F /* RecordModel.swift in Sources */,
				2724361429A508A10050CD6D /* SetPasswordChangedPresenter.swift in Sources */,
				2725593229A894CB009B507F /* TableViewCell+.swift in Sources */,
				2721951629A61A3800B9D4D5 /* HomePresenter.swift in Sources */,
			);
			runOnlyForDeploymentPostprocessing = 0;
		};
/* End PBXSourcesBuildPhase section */

/* Begin PBXVariantGroup section */
		2722584629A09F19003178E4 /* LaunchScreen.storyboard */ = {
			isa = PBXVariantGroup;
			children = (
				2722584729A09F19003178E4 /* Base */,
			);
			name = LaunchScreen.storyboard;
			sourceTree = "<group>";
		};
/* End PBXVariantGroup section */

/* Begin XCBuildConfiguration section */
		2722584A29A09F19003178E4 /* Debug */ = {
			isa = XCBuildConfiguration;
			buildSettings = {
				ALWAYS_SEARCH_USER_PATHS = NO;
				CLANG_ANALYZER_NONNULL = YES;
				CLANG_ANALYZER_NUMBER_OBJECT_CONVERSION = YES_AGGRESSIVE;
				CLANG_CXX_LANGUAGE_STANDARD = "gnu++20";
				CLANG_ENABLE_MODULES = YES;
				CLANG_ENABLE_OBJC_ARC = YES;
				CLANG_ENABLE_OBJC_WEAK = YES;
				CLANG_WARN_BLOCK_CAPTURE_AUTORELEASING = YES;
				CLANG_WARN_BOOL_CONVERSION = YES;
				CLANG_WARN_COMMA = YES;
				CLANG_WARN_CONSTANT_CONVERSION = YES;
				CLANG_WARN_DEPRECATED_OBJC_IMPLEMENTATIONS = YES;
				CLANG_WARN_DIRECT_OBJC_ISA_USAGE = YES_ERROR;
				CLANG_WARN_DOCUMENTATION_COMMENTS = YES;
				CLANG_WARN_EMPTY_BODY = YES;
				CLANG_WARN_ENUM_CONVERSION = YES;
				CLANG_WARN_INFINITE_RECURSION = YES;
				CLANG_WARN_INT_CONVERSION = YES;
				CLANG_WARN_NON_LITERAL_NULL_CONVERSION = YES;
				CLANG_WARN_OBJC_IMPLICIT_RETAIN_SELF = YES;
				CLANG_WARN_OBJC_LITERAL_CONVERSION = YES;
				CLANG_WARN_OBJC_ROOT_CLASS = YES_ERROR;
				CLANG_WARN_QUOTED_INCLUDE_IN_FRAMEWORK_HEADER = YES;
				CLANG_WARN_RANGE_LOOP_ANALYSIS = YES;
				CLANG_WARN_STRICT_PROTOTYPES = YES;
				CLANG_WARN_SUSPICIOUS_MOVE = YES;
				CLANG_WARN_UNGUARDED_AVAILABILITY = YES_AGGRESSIVE;
				CLANG_WARN_UNREACHABLE_CODE = YES;
				CLANG_WARN__DUPLICATE_METHOD_MATCH = YES;
				COPY_PHASE_STRIP = NO;
				DEBUG_INFORMATION_FORMAT = dwarf;
				ENABLE_STRICT_OBJC_MSGSEND = YES;
				ENABLE_TESTABILITY = YES;
				GCC_C_LANGUAGE_STANDARD = gnu11;
				GCC_DYNAMIC_NO_PIC = NO;
				GCC_NO_COMMON_BLOCKS = YES;
				GCC_OPTIMIZATION_LEVEL = 0;
				GCC_PREPROCESSOR_DEFINITIONS = (
					"DEBUG=1",
					"$(inherited)",
				);
				GCC_WARN_64_TO_32_BIT_CONVERSION = YES;
				GCC_WARN_ABOUT_RETURN_TYPE = YES_ERROR;
				GCC_WARN_UNDECLARED_SELECTOR = YES;
				GCC_WARN_UNINITIALIZED_AUTOS = YES_AGGRESSIVE;
				GCC_WARN_UNUSED_FUNCTION = YES;
				GCC_WARN_UNUSED_VARIABLE = YES;
				IPHONEOS_DEPLOYMENT_TARGET = 13.0;
				MTL_ENABLE_DEBUG_INFO = INCLUDE_SOURCE;
				MTL_FAST_MATH = YES;
				ONLY_ACTIVE_ARCH = YES;
				SDKROOT = iphoneos;
				SWIFT_ACTIVE_COMPILATION_CONDITIONS = DEBUG;
				SWIFT_OPTIMIZATION_LEVEL = "-Onone";
			};
			name = Debug;
		};
		2722584B29A09F19003178E4 /* Release */ = {
			isa = XCBuildConfiguration;
			buildSettings = {
				ALWAYS_SEARCH_USER_PATHS = NO;
				CLANG_ANALYZER_NONNULL = YES;
				CLANG_ANALYZER_NUMBER_OBJECT_CONVERSION = YES_AGGRESSIVE;
				CLANG_CXX_LANGUAGE_STANDARD = "gnu++20";
				CLANG_ENABLE_MODULES = YES;
				CLANG_ENABLE_OBJC_ARC = YES;
				CLANG_ENABLE_OBJC_WEAK = YES;
				CLANG_WARN_BLOCK_CAPTURE_AUTORELEASING = YES;
				CLANG_WARN_BOOL_CONVERSION = YES;
				CLANG_WARN_COMMA = YES;
				CLANG_WARN_CONSTANT_CONVERSION = YES;
				CLANG_WARN_DEPRECATED_OBJC_IMPLEMENTATIONS = YES;
				CLANG_WARN_DIRECT_OBJC_ISA_USAGE = YES_ERROR;
				CLANG_WARN_DOCUMENTATION_COMMENTS = YES;
				CLANG_WARN_EMPTY_BODY = YES;
				CLANG_WARN_ENUM_CONVERSION = YES;
				CLANG_WARN_INFINITE_RECURSION = YES;
				CLANG_WARN_INT_CONVERSION = YES;
				CLANG_WARN_NON_LITERAL_NULL_CONVERSION = YES;
				CLANG_WARN_OBJC_IMPLICIT_RETAIN_SELF = YES;
				CLANG_WARN_OBJC_LITERAL_CONVERSION = YES;
				CLANG_WARN_OBJC_ROOT_CLASS = YES_ERROR;
				CLANG_WARN_QUOTED_INCLUDE_IN_FRAMEWORK_HEADER = YES;
				CLANG_WARN_RANGE_LOOP_ANALYSIS = YES;
				CLANG_WARN_STRICT_PROTOTYPES = YES;
				CLANG_WARN_SUSPICIOUS_MOVE = YES;
				CLANG_WARN_UNGUARDED_AVAILABILITY = YES_AGGRESSIVE;
				CLANG_WARN_UNREACHABLE_CODE = YES;
				CLANG_WARN__DUPLICATE_METHOD_MATCH = YES;
				COPY_PHASE_STRIP = NO;
				DEBUG_INFORMATION_FORMAT = "dwarf-with-dsym";
				ENABLE_NS_ASSERTIONS = NO;
				ENABLE_STRICT_OBJC_MSGSEND = YES;
				GCC_C_LANGUAGE_STANDARD = gnu11;
				GCC_NO_COMMON_BLOCKS = YES;
				GCC_WARN_64_TO_32_BIT_CONVERSION = YES;
				GCC_WARN_ABOUT_RETURN_TYPE = YES_ERROR;
				GCC_WARN_UNDECLARED_SELECTOR = YES;
				GCC_WARN_UNINITIALIZED_AUTOS = YES_AGGRESSIVE;
				GCC_WARN_UNUSED_FUNCTION = YES;
				GCC_WARN_UNUSED_VARIABLE = YES;
				IPHONEOS_DEPLOYMENT_TARGET = 13.0;
				MTL_ENABLE_DEBUG_INFO = NO;
				MTL_FAST_MATH = YES;
				SDKROOT = iphoneos;
				SWIFT_COMPILATION_MODE = wholemodule;
				SWIFT_OPTIMIZATION_LEVEL = "-O";
				VALIDATE_PRODUCT = YES;
			};
			name = Release;
		};
		2722584D29A09F19003178E4 /* Debug */ = {
			isa = XCBuildConfiguration;
			baseConfigurationReference = EC74FE14CEF966989D6D024D /* Pods-IntervalWalk.debug.xcconfig */;
			buildSettings = {
				ASSETCATALOG_COMPILER_APPICON_NAME = AppIcon;
				ASSETCATALOG_COMPILER_GLOBAL_ACCENT_COLOR_NAME = AccentColor;
				CODE_SIGN_STYLE = Automatic;
				CURRENT_PROJECT_VERSION = 1;
				DEVELOPMENT_TEAM = 25BLMP2S3B;
				GENERATE_INFOPLIST_FILE = YES;
				INFOPLIST_FILE = IntervalWalk/Info.plist;
				INFOPLIST_KEY_UIApplicationSupportsIndirectInputEvents = YES;
				INFOPLIST_KEY_UILaunchStoryboardName = LaunchScreen;
				INFOPLIST_KEY_UISupportedInterfaceOrientations_iPad = "UIInterfaceOrientationPortrait UIInterfaceOrientationPortraitUpsideDown UIInterfaceOrientationLandscapeLeft UIInterfaceOrientationLandscapeRight";
				INFOPLIST_KEY_UISupportedInterfaceOrientations_iPhone = "UIInterfaceOrientationPortrait UIInterfaceOrientationLandscapeLeft UIInterfaceOrientationLandscapeRight";
				IPHONEOS_DEPLOYMENT_TARGET = 13.0;
				LD_RUNPATH_SEARCH_PATHS = (
					"$(inherited)",
					"@executable_path/Frameworks",
				);
				MARKETING_VERSION = 1.0;
				PRODUCT_BUNDLE_IDENTIFIER = com.kasiwa.IntervalWalk;
				PRODUCT_NAME = "$(TARGET_NAME)";
				SWIFT_EMIT_LOC_STRINGS = YES;
				SWIFT_VERSION = 5.0;
				TARGETED_DEVICE_FAMILY = "1,2";
			};
			name = Debug;
		};
		2722584E29A09F19003178E4 /* Release */ = {
			isa = XCBuildConfiguration;
			baseConfigurationReference = F7576817779688F5CCF36E59 /* Pods-IntervalWalk.release.xcconfig */;
			buildSettings = {
				ASSETCATALOG_COMPILER_APPICON_NAME = AppIcon;
				ASSETCATALOG_COMPILER_GLOBAL_ACCENT_COLOR_NAME = AccentColor;
				CODE_SIGN_STYLE = Automatic;
				CURRENT_PROJECT_VERSION = 1;
				DEVELOPMENT_TEAM = 25BLMP2S3B;
				GENERATE_INFOPLIST_FILE = YES;
				INFOPLIST_FILE = IntervalWalk/Info.plist;
				INFOPLIST_KEY_UIApplicationSupportsIndirectInputEvents = YES;
				INFOPLIST_KEY_UILaunchStoryboardName = LaunchScreen;
				INFOPLIST_KEY_UISupportedInterfaceOrientations_iPad = "UIInterfaceOrientationPortrait UIInterfaceOrientationPortraitUpsideDown UIInterfaceOrientationLandscapeLeft UIInterfaceOrientationLandscapeRight";
				INFOPLIST_KEY_UISupportedInterfaceOrientations_iPhone = "UIInterfaceOrientationPortrait UIInterfaceOrientationLandscapeLeft UIInterfaceOrientationLandscapeRight";
				IPHONEOS_DEPLOYMENT_TARGET = 13.0;
				LD_RUNPATH_SEARCH_PATHS = (
					"$(inherited)",
					"@executable_path/Frameworks",
				);
				MARKETING_VERSION = 1.0;
				PRODUCT_BUNDLE_IDENTIFIER = com.kasiwa.IntervalWalk;
				PRODUCT_NAME = "$(TARGET_NAME)";
				SWIFT_EMIT_LOC_STRINGS = YES;
				SWIFT_VERSION = 5.0;
				TARGETED_DEVICE_FAMILY = "1,2";
			};
			name = Release;
		};
/* End XCBuildConfiguration section */

/* Begin XCConfigurationList section */
		2722583329A09F18003178E4 /* Build configuration list for PBXProject "IntervalWalk" */ = {
			isa = XCConfigurationList;
			buildConfigurations = (
				2722584A29A09F19003178E4 /* Debug */,
				2722584B29A09F19003178E4 /* Release */,
			);
			defaultConfigurationIsVisible = 0;
			defaultConfigurationName = Release;
		};
		2722584C29A09F19003178E4 /* Build configuration list for PBXNativeTarget "IntervalWalk" */ = {
			isa = XCConfigurationList;
			buildConfigurations = (
				2722584D29A09F19003178E4 /* Debug */,
				2722584E29A09F19003178E4 /* Release */,
			);
			defaultConfigurationIsVisible = 0;
			defaultConfigurationName = Release;
		};
/* End XCConfigurationList section */
	};
	rootObject = 2722583029A09F18003178E4 /* Project object */;
}
